
Microsoft Visual Studio Solution File, Format Version 12.00
# Visual Studio 15
VisualStudioVersion = 15.0.27130.2003
MinimumVisualStudioVersion = 10.0.40219.1
Project("{9A19103F-16F7-4668-BE54-9A1E7A4F7556}") = "EShop", "EShop\EShop.csproj", "{D8A48E5A-24A2-4014-AB02-155F6D3A64DC}"
EndProject
Global
	GlobalSection(SolutionConfigurationPlatforms) = preSolution
		Debug|Any CPU = Debug|Any CPU
		Release|Any CPU = Release|Any CPU
	EndGlobalSection
	GlobalSection(ProjectConfigurationPlatforms) = postSolution
		{D8A48E5A-24A2-4014-AB02-155F6D3A64DC}.Debug|Any CPU.ActiveCfg = Debug|Any CPU
		{D8A48E5A-24A2-4014-AB02-155F6D3A64DC}.Debug|Any CPU.Build.0 = Debug|Any CPU
		{D8A48E5A-24A2-4014-AB02-155F6D3A64DC}.Release|Any CPU.ActiveCfg = Release|Any CPU
		{D8A48E5A-24A2-4014-AB02-155F6D3A64DC}.Release|Any CPU.Build.0 = Release|Any CPU
	EndGlobalSection
	GlobalSection(SolutionProperties) = preSolution
		HideSolutionNode = FALSE
	EndGlobalSection
	GlobalSection(ExtensibilityGlobals) = postSolution
		SolutionGuid = {F17DC962-5841-4193-BC2D-8DD3D417401E}
	EndGlobalSection
	GlobalSection(TeamFoundationVersionControl) = preSolution
		SccNumberOfProjects = 2
		SccEnterpriseProvider = {4CA58AB2-18FA-4F8D-95D4-32DDF27D184C}
		SccTeamFoundationServer = https://tfs2015.ho.fpt.vn/tfs/tfs2015
		SccLocalPath0 = .
		SccProjectUniqueName1 = EShop\\EShop.csproj
		SccProjectName1 = EShop
		SccLocalPath1 = EShop
	EndGlobalSection
EndGlobal
